
Microsoft Visual Studio Solution File, Format Version 12.00
# Visual Studio Version 17
VisualStudioVersion = 17.10.35004.147
MinimumVisualStudioVersion = 10.0.40219.1
Project("{FAE04EC0-301F-11D3-BF4B-00C04F79EFBC}") = "FibbSequence", "FibbSequence\FibbSequence.csproj", "{F8E263FA-4712-4259-B593-5AD8B6114DD5}"
EndProject
Global
	GlobalSection(SolutionConfigurationPlatforms) = preSolution
		Debug|Any CPU = Debug|Any CPU
		Release|Any CPU = Release|Any CPU
	EndGlobalSection
	GlobalSection(ProjectConfigurationPlatforms) = postSolution
		{F8E263FA-4712-4259-B593-5AD8B6114DD5}.Debug|Any CPU.ActiveCfg = Debug|Any CPU
		{F8E263FA-4712-4259-B593-5AD8B6114DD5}.Debug|Any CPU.Build.0 = Debug|Any CPU
		{F8E263FA-4712-4259-B593-5AD8B6114DD5}.Release|Any CPU.ActiveCfg = Release|Any CPU
		{F8E263FA-4712-4259-B593-5AD8B6114DD5}.Release|Any CPU.Build.0 = Release|Any CPU
	EndGlobalSection
	GlobalSection(SolutionProperties) = preSolution
		HideSolutionNode = FALSE
	EndGlobalSection
	GlobalSection(ExtensibilityGlobals) = postSolution
		SolutionGuid = {EA0C5E65-2142-415E-905B-FDC2B2FF4C3A}
	EndGlobalSection
EndGlobal
